
Microsoft Visual Studio Solution File, Format Version 12.00
# Visual Studio 14
VisualStudioVersion = 14.0.25420.1
MinimumVisualStudioVersion = 10.0.40219.1
Project("{FAE04EC0-301F-11D3-BF4B-00C04F79EFBC}") = "Vulkaninfo", "Vulkaninfo\Vulkaninfo.csproj", "{49338C6C-CBC6-4D1D-93C9-FFC24998BE5A}"
EndProject
Project("{FAE04EC0-301F-11D3-BF4B-00C04F79EFBC}") = "Instance", "Instance\Instance.csproj", "{AC417B1D-46C7-460D-A113-9616996A941A}"
EndProject
Project("{FAE04EC0-301F-11D3-BF4B-00C04F79EFBC}") = "SamplesPlatform", "SamplesPlatform\SamplesPlatform.csproj", "{181174FE-B29B-40B4-B45F-BAA16A89A962}"
EndProject
Project("{FAE04EC0-301F-11D3-BF4B-00C04F79EFBC}") = "Enumerate", "Enumerate\Enumerate.csproj", "{EAF55693-37F9-4257-A2DA-9E36E0D902A1}"
EndProject
Project("{FAE04EC0-301F-11D3-BF4B-00C04F79EFBC}") = "Device", "Device\Device.csproj", "{7E67E587-5991-4AC5-A8B9-0BA97474A785}"
EndProject
Project("{FAE04EC0-301F-11D3-BF4B-00C04F79EFBC}") = "InitCommandBuffer", "InitCommandBuffer\InitCommandBuffer.csproj", "{F3D38CCE-9183-422B-A0F3-BEBBABA9AF6D}"
EndProject
Project("{FAE04EC0-301F-11D3-BF4B-00C04F79EFBC}") = "InitSwapChain", "InitSwapChain\InitSwapChain.csproj", "{FB281C14-6EDA-4E24-A8D4-0977966BB395}"
EndProject
Project("{FAE04EC0-301F-11D3-BF4B-00C04F79EFBC}") = "DepthBuffer", "DepthBuffer\DepthBuffer.csproj", "{2E88B433-A660-4983-9C0F-E8A3BFC9EF4D}"
EndProject
Project("{FAE04EC0-301F-11D3-BF4B-00C04F79EFBC}") = "UniformBuffer", "UniformBuffer\UniformBuffer.csproj", "{8BAEA450-AACE-4EE3-BACF-94D538D88E3A}"
EndProject
Project("{FAE04EC0-301F-11D3-BF4B-00C04F79EFBC}") = "DescriptorPipelineLayouts", "DescriptorPipelineLayouts\DescriptorPipelineLayouts.csproj", "{EE411EC3-51A9-4B93-A493-A742CE5DFBBE}"
EndProject
Project("{FAE04EC0-301F-11D3-BF4B-00C04F79EFBC}") = "InitRenderpass", "InitRenderpass\InitRenderpass.csproj", "{58EB33BA-4AF5-4E9F-B98D-8FD467EE7C1D}"
EndProject
Project("{FAE04EC0-301F-11D3-BF4B-00C04F79EFBC}") = "InitShaders", "InitShaders\InitShaders.csproj", "{7AE63318-61F3-4A93-94A1-5719BD80BEB1}"
EndProject
Project("{FAE04EC0-301F-11D3-BF4B-00C04F79EFBC}") = "InitFrameBuffers", "InitFrameBuffers\InitFrameBuffers.csproj", "{D12CC993-6BB9-49F7-881B-0FA4D7468A70}"
EndProject
Project("{FAE04EC0-301F-11D3-BF4B-00C04F79EFBC}") = "InitVertexBuffer", "InitVertexBuffer\InitVertexBuffer.csproj", "{A6D48937-459D-478C-B049-88308A3C7BDE}"
EndProject
Project("{FAE04EC0-301F-11D3-BF4B-00C04F79EFBC}") = "InitPipeline", "InitPipeline\InitPipeline.csproj", "{236D35DC-9B1F-446F-89D6-42899747A7FE}"
EndProject
Project("{FAE04EC0-301F-11D3-BF4B-00C04F79EFBC}") = "DrawCube", "DrawCube\DrawCube.csproj", "{18334653-C4E8-4755-82AF-98CC4E91CFEC}"
EndProject
Global
	GlobalSection(SolutionConfigurationPlatforms) = preSolution
		Debug - Tanagra|Any CPU = Debug - Tanagra|Any CPU
		Debug - VulkanSharp|Any CPU = Debug - VulkanSharp|Any CPU
		Debug|Any CPU = Debug|Any CPU
		Release - Tanagra|Any CPU = Release - Tanagra|Any CPU
		Release - VulkanSharp|Any CPU = Release - VulkanSharp|Any CPU
		Release|Any CPU = Release|Any CPU
	EndGlobalSection
	GlobalSection(ProjectConfigurationPlatforms) = postSolution
		{49338C6C-CBC6-4D1D-93C9-FFC24998BE5A}.Debug - Tanagra|Any CPU.ActiveCfg = Debug - Tanagra|Any CPU
		{49338C6C-CBC6-4D1D-93C9-FFC24998BE5A}.Debug - Tanagra|Any CPU.Build.0 = Debug - Tanagra|Any CPU
		{49338C6C-CBC6-4D1D-93C9-FFC24998BE5A}.Debug - VulkanSharp|Any CPU.ActiveCfg = Debug - VulkanSharp|Any CPU
		{49338C6C-CBC6-4D1D-93C9-FFC24998BE5A}.Debug - VulkanSharp|Any CPU.Build.0 = Debug - VulkanSharp|Any CPU
		{49338C6C-CBC6-4D1D-93C9-FFC24998BE5A}.Debug|Any CPU.ActiveCfg = Debug - VulkanSharp|Any CPU
		{49338C6C-CBC6-4D1D-93C9-FFC24998BE5A}.Debug|Any CPU.Build.0 = Debug - VulkanSharp|Any CPU
		{49338C6C-CBC6-4D1D-93C9-FFC24998BE5A}.Release - Tanagra|Any CPU.ActiveCfg = Release - Tanagra|Any CPU
		{49338C6C-CBC6-4D1D-93C9-FFC24998BE5A}.Release - Tanagra|Any CPU.Build.0 = Release - Tanagra|Any CPU
		{49338C6C-CBC6-4D1D-93C9-FFC24998BE5A}.Release - VulkanSharp|Any CPU.ActiveCfg = Release - VulkanSharp|Any CPU
		{49338C6C-CBC6-4D1D-93C9-FFC24998BE5A}.Release - VulkanSharp|Any CPU.Build.0 = Release - VulkanSharp|Any CPU
		{49338C6C-CBC6-4D1D-93C9-FFC24998BE5A}.Release|Any CPU.ActiveCfg = Release - VulkanSharp|Any CPU
		{49338C6C-CBC6-4D1D-93C9-FFC24998BE5A}.Release|Any CPU.Build.0 = Release - VulkanSharp|Any CPU
		{AC417B1D-46C7-460D-A113-9616996A941A}.Debug - Tanagra|Any CPU.ActiveCfg = Debug|Any CPU
		{AC417B1D-46C7-460D-A113-9616996A941A}.Debug - Tanagra|Any CPU.Build.0 = Debug|Any CPU
		{AC417B1D-46C7-460D-A113-9616996A941A}.Debug - VulkanSharp|Any CPU.ActiveCfg = Debug|Any CPU
		{AC417B1D-46C7-460D-A113-9616996A941A}.Debug - VulkanSharp|Any CPU.Build.0 = Debug|Any CPU
		{AC417B1D-46C7-460D-A113-9616996A941A}.Debug|Any CPU.ActiveCfg = Debug|Any CPU
		{AC417B1D-46C7-460D-A113-9616996A941A}.Debug|Any CPU.Build.0 = Debug|Any CPU
		{AC417B1D-46C7-460D-A113-9616996A941A}.Release - Tanagra|Any CPU.ActiveCfg = Release|Any CPU
		{AC417B1D-46C7-460D-A113-9616996A941A}.Release - Tanagra|Any CPU.Build.0 = Release|Any CPU
		{AC417B1D-46C7-460D-A113-9616996A941A}.Release - VulkanSharp|Any CPU.ActiveCfg = Release|Any CPU
		{AC417B1D-46C7-460D-A113-9616996A941A}.Release - VulkanSharp|Any CPU.Build.0 = Release|Any CPU
		{AC417B1D-46C7-460D-A113-9616996A941A}.Release|Any CPU.ActiveCfg = Release|Any CPU
		{AC417B1D-46C7-460D-A113-9616996A941A}.Release|Any CPU.Build.0 = Release|Any CPU
		{181174FE-B29B-40B4-B45F-BAA16A89A962}.Debug - Tanagra|Any CPU.ActiveCfg = Debug|Any CPU
		{181174FE-B29B-40B4-B45F-BAA16A89A962}.Debug - Tanagra|Any CPU.Build.0 = Debug|Any CPU
		{181174FE-B29B-40B4-B45F-BAA16A89A962}.Debug - VulkanSharp|Any CPU.ActiveCfg = Debug|Any CPU
		{181174FE-B29B-40B4-B45F-BAA16A89A962}.Debug - VulkanSharp|Any CPU.Build.0 = Debug|Any CPU
		{181174FE-B29B-40B4-B45F-BAA16A89A962}.Debug|Any CPU.ActiveCfg = Debug|Any CPU
		{181174FE-B29B-40B4-B45F-BAA16A89A962}.Debug|Any CPU.Build.0 = Debug|Any CPU
		{181174FE-B29B-40B4-B45F-BAA16A89A962}.Release - Tanagra|Any CPU.ActiveCfg = Release|Any CPU
		{181174FE-B29B-40B4-B45F-BAA16A89A962}.Release - Tanagra|Any CPU.Build.0 = Release|Any CPU
		{181174FE-B29B-40B4-B45F-BAA16A89A962}.Release - VulkanSharp|Any CPU.ActiveCfg = Release|Any CPU
		{181174FE-B29B-40B4-B45F-BAA16A89A962}.Release - VulkanSharp|Any CPU.Build.0 = Release|Any CPU
		{181174FE-B29B-40B4-B45F-BAA16A89A962}.Release|Any CPU.ActiveCfg = Release|Any CPU
		{181174FE-B29B-40B4-B45F-BAA16A89A962}.Release|Any CPU.Build.0 = Release|Any CPU
		{EAF55693-37F9-4257-A2DA-9E36E0D902A1}.Debug - Tanagra|Any CPU.ActiveCfg = Debug|Any CPU
		{EAF55693-37F9-4257-A2DA-9E36E0D902A1}.Debug - Tanagra|Any CPU.Build.0 = Debug|Any CPU
		{EAF55693-37F9-4257-A2DA-9E36E0D902A1}.Debug - VulkanSharp|Any CPU.ActiveCfg = Debug|Any CPU
		{EAF55693-37F9-4257-A2DA-9E36E0D902A1}.Debug - VulkanSharp|Any CPU.Build.0 = Debug|Any CPU
		{EAF55693-37F9-4257-A2DA-9E36E0D902A1}.Debug|Any CPU.ActiveCfg = Debug|Any CPU
		{EAF55693-37F9-4257-A2DA-9E36E0D902A1}.Debug|Any CPU.Build.0 = Debug|Any CPU
		{EAF55693-37F9-4257-A2DA-9E36E0D902A1}.Release - Tanagra|Any CPU.ActiveCfg = Release|Any CPU
		{EAF55693-37F9-4257-A2DA-9E36E0D902A1}.Release - Tanagra|Any CPU.Build.0 = Release|Any CPU
		{EAF55693-37F9-4257-A2DA-9E36E0D902A1}.Release - VulkanSharp|Any CPU.ActiveCfg = Release|Any CPU
		{EAF55693-37F9-4257-A2DA-9E36E0D902A1}.Release - VulkanSharp|Any CPU.Build.0 = Release|Any CPU
		{EAF55693-37F9-4257-A2DA-9E36E0D902A1}.Release|Any CPU.ActiveCfg = Release|Any CPU
		{EAF55693-37F9-4257-A2DA-9E36E0D902A1}.Release|Any CPU.Build.0 = Release|Any CPU
		{7E67E587-5991-4AC5-A8B9-0BA97474A785}.Debug - Tanagra|Any CPU.ActiveCfg = Debug|Any CPU
		{7E67E587-5991-4AC5-A8B9-0BA97474A785}.Debug - Tanagra|Any CPU.Build.0 = Debug|Any CPU
		{7E67E587-5991-4AC5-A8B9-0BA97474A785}.Debug - VulkanSharp|Any CPU.ActiveCfg = Debug|Any CPU
		{7E67E587-5991-4AC5-A8B9-0BA97474A785}.Debug - VulkanSharp|Any CPU.Build.0 = Debug|Any CPU
		{7E67E587-5991-4AC5-A8B9-0BA97474A785}.Debug|Any CPU.ActiveCfg = Debug|Any CPU
		{7E67E587-5991-4AC5-A8B9-0BA97474A785}.Debug|Any CPU.Build.0 = Debug|Any CPU
		{7E67E587-5991-4AC5-A8B9-0BA97474A785}.Release - Tanagra|Any CPU.ActiveCfg = Release|Any CPU
		{7E67E587-5991-4AC5-A8B9-0BA97474A785}.Release - Tanagra|Any CPU.Build.0 = Release|Any CPU
		{7E67E587-5991-4AC5-A8B9-0BA97474A785}.Release - VulkanSharp|Any CPU.ActiveCfg = Release|Any CPU
		{7E67E587-5991-4AC5-A8B9-0BA97474A785}.Release - VulkanSharp|Any CPU.Build.0 = Release|Any CPU
		{7E67E587-5991-4AC5-A8B9-0BA97474A785}.Release|Any CPU.ActiveCfg = Release|Any CPU
		{7E67E587-5991-4AC5-A8B9-0BA97474A785}.Release|Any CPU.Build.0 = Release|Any CPU
		{F3D38CCE-9183-422B-A0F3-BEBBABA9AF6D}.Debug - Tanagra|Any CPU.ActiveCfg = Debug|Any CPU
		{F3D38CCE-9183-422B-A0F3-BEBBABA9AF6D}.Debug - Tanagra|Any CPU.Build.0 = Debug|Any CPU
		{F3D38CCE-9183-422B-A0F3-BEBBABA9AF6D}.Debug - VulkanSharp|Any CPU.ActiveCfg = Debug|Any CPU
		{F3D38CCE-9183-422B-A0F3-BEBBABA9AF6D}.Debug - VulkanSharp|Any CPU.Build.0 = Debug|Any CPU
		{F3D38CCE-9183-422B-A0F3-BEBBABA9AF6D}.Debug|Any CPU.ActiveCfg = Debug|Any CPU
		{F3D38CCE-9183-422B-A0F3-BEBBABA9AF6D}.Debug|Any CPU.Build.0 = Debug|Any CPU
		{F3D38CCE-9183-422B-A0F3-BEBBABA9AF6D}.Release - Tanagra|Any CPU.ActiveCfg = Release|Any CPU
		{F3D38CCE-9183-422B-A0F3-BEBBABA9AF6D}.Release - Tanagra|Any CPU.Build.0 = Release|Any CPU
		{F3D38CCE-9183-422B-A0F3-BEBBABA9AF6D}.Release - VulkanSharp|Any CPU.ActiveCfg = Release|Any CPU
		{F3D38CCE-9183-422B-A0F3-BEBBABA9AF6D}.Release - VulkanSharp|Any CPU.Build.0 = Release|Any CPU
		{F3D38CCE-9183-422B-A0F3-BEBBABA9AF6D}.Release|Any CPU.ActiveCfg = Release|Any CPU
		{F3D38CCE-9183-422B-A0F3-BEBBABA9AF6D}.Release|Any CPU.Build.0 = Release|Any CPU
		{FB281C14-6EDA-4E24-A8D4-0977966BB395}.Debug - Tanagra|Any CPU.ActiveCfg = Debug|Any CPU
		{FB281C14-6EDA-4E24-A8D4-0977966BB395}.Debug - Tanagra|Any CPU.Build.0 = Debug|Any CPU
		{FB281C14-6EDA-4E24-A8D4-0977966BB395}.Debug - VulkanSharp|Any CPU.ActiveCfg = Debug|Any CPU
		{FB281C14-6EDA-4E24-A8D4-0977966BB395}.Debug - VulkanSharp|Any CPU.Build.0 = Debug|Any CPU
		{FB281C14-6EDA-4E24-A8D4-0977966BB395}.Debug|Any CPU.ActiveCfg = Debug|Any CPU
		{FB281C14-6EDA-4E24-A8D4-0977966BB395}.Debug|Any CPU.Build.0 = Debug|Any CPU
		{FB281C14-6EDA-4E24-A8D4-0977966BB395}.Release - Tanagra|Any CPU.ActiveCfg = Release|Any CPU
		{FB281C14-6EDA-4E24-A8D4-0977966BB395}.Release - Tanagra|Any CPU.Build.0 = Release|Any CPU
		{FB281C14-6EDA-4E24-A8D4-0977966BB395}.Release - VulkanSharp|Any CPU.ActiveCfg = Release|Any CPU
		{FB281C14-6EDA-4E24-A8D4-0977966BB395}.Release - VulkanSharp|Any CPU.Build.0 = Release|Any CPU
		{FB281C14-6EDA-4E24-A8D4-0977966BB395}.Release|Any CPU.ActiveCfg = Release|Any CPU
		{FB281C14-6EDA-4E24-A8D4-0977966BB395}.Release|Any CPU.Build.0 = Release|Any CPU
		{2E88B433-A660-4983-9C0F-E8A3BFC9EF4D}.Debug - Tanagra|Any CPU.ActiveCfg = Debug|Any CPU
		{2E88B433-A660-4983-9C0F-E8A3BFC9EF4D}.Debug - Tanagra|Any CPU.Build.0 = Debug|Any CPU
		{2E88B433-A660-4983-9C0F-E8A3BFC9EF4D}.Debug - VulkanSharp|Any CPU.ActiveCfg = Debug|Any CPU
		{2E88B433-A660-4983-9C0F-E8A3BFC9EF4D}.Debug - VulkanSharp|Any CPU.Build.0 = Debug|Any CPU
		{2E88B433-A660-4983-9C0F-E8A3BFC9EF4D}.Debug|Any CPU.ActiveCfg = Debug|Any CPU
		{2E88B433-A660-4983-9C0F-E8A3BFC9EF4D}.Debug|Any CPU.Build.0 = Debug|Any CPU
		{2E88B433-A660-4983-9C0F-E8A3BFC9EF4D}.Release - Tanagra|Any CPU.ActiveCfg = Release|Any CPU
		{2E88B433-A660-4983-9C0F-E8A3BFC9EF4D}.Release - Tanagra|Any CPU.Build.0 = Release|Any CPU
		{2E88B433-A660-4983-9C0F-E8A3BFC9EF4D}.Release - VulkanSharp|Any CPU.ActiveCfg = Release|Any CPU
		{2E88B433-A660-4983-9C0F-E8A3BFC9EF4D}.Release - VulkanSharp|Any CPU.Build.0 = Release|Any CPU
		{2E88B433-A660-4983-9C0F-E8A3BFC9EF4D}.Release|Any CPU.ActiveCfg = Release|Any CPU
		{2E88B433-A660-4983-9C0F-E8A3BFC9EF4D}.Release|Any CPU.Build.0 = Release|Any CPU
		{8BAEA450-AACE-4EE3-BACF-94D538D88E3A}.Debug - Tanagra|Any CPU.ActiveCfg = Debug|Any CPU
		{8BAEA450-AACE-4EE3-BACF-94D538D88E3A}.Debug - Tanagra|Any CPU.Build.0 = Debug|Any CPU
		{8BAEA450-AACE-4EE3-BACF-94D538D88E3A}.Debug - VulkanSharp|Any CPU.ActiveCfg = Debug|Any CPU
		{8BAEA450-AACE-4EE3-BACF-94D538D88E3A}.Debug - VulkanSharp|Any CPU.Build.0 = Debug|Any CPU
		{8BAEA450-AACE-4EE3-BACF-94D538D88E3A}.Debug|Any CPU.ActiveCfg = Debug|Any CPU
		{8BAEA450-AACE-4EE3-BACF-94D538D88E3A}.Debug|Any CPU.Build.0 = Debug|Any CPU
		{8BAEA450-AACE-4EE3-BACF-94D538D88E3A}.Release - Tanagra|Any CPU.ActiveCfg = Release|Any CPU
		{8BAEA450-AACE-4EE3-BACF-94D538D88E3A}.Release - Tanagra|Any CPU.Build.0 = Release|Any CPU
		{8BAEA450-AACE-4EE3-BACF-94D538D88E3A}.Release - VulkanSharp|Any CPU.ActiveCfg = Release|Any CPU
		{8BAEA450-AACE-4EE3-BACF-94D538D88E3A}.Release - VulkanSharp|Any CPU.Build.0 = Release|Any CPU
		{8BAEA450-AACE-4EE3-BACF-94D538D88E3A}.Release|Any CPU.ActiveCfg = Release|Any CPU
		{8BAEA450-AACE-4EE3-BACF-94D538D88E3A}.Release|Any CPU.Build.0 = Release|Any CPU
		{EE411EC3-51A9-4B93-A493-A742CE5DFBBE}.Debug - Tanagra|Any CPU.ActiveCfg = Debug|Any CPU
		{EE411EC3-51A9-4B93-A493-A742CE5DFBBE}.Debug - Tanagra|Any CPU.Build.0 = Debug|Any CPU
		{EE411EC3-51A9-4B93-A493-A742CE5DFBBE}.Debug - VulkanSharp|Any CPU.ActiveCfg = Debug|Any CPU
		{EE411EC3-51A9-4B93-A493-A742CE5DFBBE}.Debug - VulkanSharp|Any CPU.Build.0 = Debug|Any CPU
		{EE411EC3-51A9-4B93-A493-A742CE5DFBBE}.Debug|Any CPU.ActiveCfg = Debug|Any CPU
		{EE411EC3-51A9-4B93-A493-A742CE5DFBBE}.Debug|Any CPU.Build.0 = Debug|Any CPU
		{EE411EC3-51A9-4B93-A493-A742CE5DFBBE}.Release - Tanagra|Any CPU.ActiveCfg = Release|Any CPU
		{EE411EC3-51A9-4B93-A493-A742CE5DFBBE}.Release - Tanagra|Any CPU.Build.0 = Release|Any CPU
		{EE411EC3-51A9-4B93-A493-A742CE5DFBBE}.Release - VulkanSharp|Any CPU.ActiveCfg = Release|Any CPU
		{EE411EC3-51A9-4B93-A493-A742CE5DFBBE}.Release - VulkanSharp|Any CPU.Build.0 = Release|Any CPU
		{EE411EC3-51A9-4B93-A493-A742CE5DFBBE}.Release|Any CPU.ActiveCfg = Release|Any CPU
		{EE411EC3-51A9-4B93-A493-A742CE5DFBBE}.Release|Any CPU.Build.0 = Release|Any CPU
		{58EB33BA-4AF5-4E9F-B98D-8FD467EE7C1D}.Debug - Tanagra|Any CPU.ActiveCfg = Debug|Any CPU
		{58EB33BA-4AF5-4E9F-B98D-8FD467EE7C1D}.Debug - Tanagra|Any CPU.Build.0 = Debug|Any CPU
		{58EB33BA-4AF5-4E9F-B98D-8FD467EE7C1D}.Debug - VulkanSharp|Any CPU.ActiveCfg = Debug|Any CPU
		{58EB33BA-4AF5-4E9F-B98D-8FD467EE7C1D}.Debug - VulkanSharp|Any CPU.Build.0 = Debug|Any CPU
		{58EB33BA-4AF5-4E9F-B98D-8FD467EE7C1D}.Debug|Any CPU.ActiveCfg = Debug|Any CPU
		{58EB33BA-4AF5-4E9F-B98D-8FD467EE7C1D}.Debug|Any CPU.Build.0 = Debug|Any CPU
		{58EB33BA-4AF5-4E9F-B98D-8FD467EE7C1D}.Release - Tanagra|Any CPU.ActiveCfg = Release|Any CPU
		{58EB33BA-4AF5-4E9F-B98D-8FD467EE7C1D}.Release - Tanagra|Any CPU.Build.0 = Release|Any CPU
		{58EB33BA-4AF5-4E9F-B98D-8FD467EE7C1D}.Release - VulkanSharp|Any CPU.ActiveCfg = Release|Any CPU
		{58EB33BA-4AF5-4E9F-B98D-8FD467EE7C1D}.Release - VulkanSharp|Any CPU.Build.0 = Release|Any CPU
		{58EB33BA-4AF5-4E9F-B98D-8FD467EE7C1D}.Release|Any CPU.ActiveCfg = Release|Any CPU
		{58EB33BA-4AF5-4E9F-B98D-8FD467EE7C1D}.Release|Any CPU.Build.0 = Release|Any CPU
		{7AE63318-61F3-4A93-94A1-5719BD80BEB1}.Debug - Tanagra|Any CPU.ActiveCfg = Debug|Any CPU
		{7AE63318-61F3-4A93-94A1-5719BD80BEB1}.Debug - Tanagra|Any CPU.Build.0 = Debug|Any CPU
		{7AE63318-61F3-4A93-94A1-5719BD80BEB1}.Debug - VulkanSharp|Any CPU.ActiveCfg = Debug|Any CPU
		{7AE63318-61F3-4A93-94A1-5719BD80BEB1}.Debug - VulkanSharp|Any CPU.Build.0 = Debug|Any CPU
		{7AE63318-61F3-4A93-94A1-5719BD80BEB1}.Debug|Any CPU.ActiveCfg = Debug|Any CPU
		{7AE63318-61F3-4A93-94A1-5719BD80BEB1}.Debug|Any CPU.Build.0 = Debug|Any CPU
		{7AE63318-61F3-4A93-94A1-5719BD80BEB1}.Release - Tanagra|Any CPU.ActiveCfg = Release|Any CPU
		{7AE63318-61F3-4A93-94A1-5719BD80BEB1}.Release - Tanagra|Any CPU.Build.0 = Release|Any CPU
		{7AE63318-61F3-4A93-94A1-5719BD80BEB1}.Release - VulkanSharp|Any CPU.ActiveCfg = Release|Any CPU
		{7AE63318-61F3-4A93-94A1-5719BD80BEB1}.Release - VulkanSharp|Any CPU.Build.0 = Release|Any CPU
		{7AE63318-61F3-4A93-94A1-5719BD80BEB1}.Release|Any CPU.ActiveCfg = Release|Any CPU
		{7AE63318-61F3-4A93-94A1-5719BD80BEB1}.Release|Any CPU.Build.0 = Release|Any CPU
		{D12CC993-6BB9-49F7-881B-0FA4D7468A70}.Debug - Tanagra|Any CPU.ActiveCfg = Debug|Any CPU
		{D12CC993-6BB9-49F7-881B-0FA4D7468A70}.Debug - Tanagra|Any CPU.Build.0 = Debug|Any CPU
		{D12CC993-6BB9-49F7-881B-0FA4D7468A70}.Debug - VulkanSharp|Any CPU.ActiveCfg = Debug|Any CPU
		{D12CC993-6BB9-49F7-881B-0FA4D7468A70}.Debug - VulkanSharp|Any CPU.Build.0 = Debug|Any CPU
		{D12CC993-6BB9-49F7-881B-0FA4D7468A70}.Debug|Any CPU.ActiveCfg = Debug|Any CPU
		{D12CC993-6BB9-49F7-881B-0FA4D7468A70}.Debug|Any CPU.Build.0 = Debug|Any CPU
		{D12CC993-6BB9-49F7-881B-0FA4D7468A70}.Release - Tanagra|Any CPU.ActiveCfg = Release|Any CPU
		{D12CC993-6BB9-49F7-881B-0FA4D7468A70}.Release - Tanagra|Any CPU.Build.0 = Release|Any CPU
		{D12CC993-6BB9-49F7-881B-0FA4D7468A70}.Release - VulkanSharp|Any CPU.ActiveCfg = Release|Any CPU
		{D12CC993-6BB9-49F7-881B-0FA4D7468A70}.Release - VulkanSharp|Any CPU.Build.0 = Release|Any CPU
		{D12CC993-6BB9-49F7-881B-0FA4D7468A70}.Release|Any CPU.ActiveCfg = Release|Any CPU
		{D12CC993-6BB9-49F7-881B-0FA4D7468A70}.Release|Any CPU.Build.0 = Release|Any CPU
		{A6D48937-459D-478C-B049-88308A3C7BDE}.Debug - Tanagra|Any CPU.ActiveCfg = Debug|Any CPU
		{A6D48937-459D-478C-B049-88308A3C7BDE}.Debug - Tanagra|Any CPU.Build.0 = Debug|Any CPU
		{A6D48937-459D-478C-B049-88308A3C7BDE}.Debug - VulkanSharp|Any CPU.ActiveCfg = Debug|Any CPU
		{A6D48937-459D-478C-B049-88308A3C7BDE}.Debug - VulkanSharp|Any CPU.Build.0 = Debug|Any CPU
		{A6D48937-459D-478C-B049-88308A3C7BDE}.Debug|Any CPU.ActiveCfg = Debug|Any CPU
		{A6D48937-459D-478C-B049-88308A3C7BDE}.Debug|Any CPU.Build.0 = Debug|Any CPU
		{A6D48937-459D-478C-B049-88308A3C7BDE}.Release - Tanagra|Any CPU.ActiveCfg = Release|Any CPU
		{A6D48937-459D-478C-B049-88308A3C7BDE}.Release - Tanagra|Any CPU.Build.0 = Release|Any CPU
		{A6D48937-459D-478C-B049-88308A3C7BDE}.Release - VulkanSharp|Any CPU.ActiveCfg = Release|Any CPU
		{A6D48937-459D-478C-B049-88308A3C7BDE}.Release - VulkanSharp|Any CPU.Build.0 = Release|Any CPU
		{A6D48937-459D-478C-B049-88308A3C7BDE}.Release|Any CPU.ActiveCfg = Release|Any CPU
		{A6D48937-459D-478C-B049-88308A3C7BDE}.Release|Any CPU.Build.0 = Release|Any CPU
		{236D35DC-9B1F-446F-89D6-42899747A7FE}.Debug - Tanagra|Any CPU.ActiveCfg = Debug|Any CPU
		{236D35DC-9B1F-446F-89D6-42899747A7FE}.Debug - Tanagra|Any CPU.Build.0 = Debug|Any CPU
		{236D35DC-9B1F-446F-89D6-42899747A7FE}.Debug - VulkanSharp|Any CPU.ActiveCfg = Debug|Any CPU
		{236D35DC-9B1F-446F-89D6-42899747A7FE}.Debug - VulkanSharp|Any CPU.Build.0 = Debug|Any CPU
		{236D35DC-9B1F-446F-89D6-42899747A7FE}.Debug|Any CPU.ActiveCfg = Debug|Any CPU
		{236D35DC-9B1F-446F-89D6-42899747A7FE}.Debug|Any CPU.Build.0 = Debug|Any CPU
		{236D35DC-9B1F-446F-89D6-42899747A7FE}.Release - Tanagra|Any CPU.ActiveCfg = Release|Any CPU
		{236D35DC-9B1F-446F-89D6-42899747A7FE}.Release - Tanagra|Any CPU.Build.0 = Release|Any CPU
		{236D35DC-9B1F-446F-89D6-42899747A7FE}.Release - VulkanSharp|Any CPU.ActiveCfg = Release|Any CPU
		{236D35DC-9B1F-446F-89D6-42899747A7FE}.Release - VulkanSharp|Any CPU.Build.0 = Release|Any CPU
		{236D35DC-9B1F-446F-89D6-42899747A7FE}.Release|Any CPU.ActiveCfg = Release|Any CPU
		{236D35DC-9B1F-446F-89D6-42899747A7FE}.Release|Any CPU.Build.0 = Release|Any CPU
		{18334653-C4E8-4755-82AF-98CC4E91CFEC}.Debug - Tanagra|Any CPU.ActiveCfg = Debug|Any CPU
		{18334653-C4E8-4755-82AF-98CC4E91CFEC}.Debug - Tanagra|Any CPU.Build.0 = Debug|Any CPU
		{18334653-C4E8-4755-82AF-98CC4E91CFEC}.Debug - VulkanSharp|Any CPU.ActiveCfg = Debug|Any CPU
		{18334653-C4E8-4755-82AF-98CC4E91CFEC}.Debug - VulkanSharp|Any CPU.Build.0 = Debug|Any CPU
		{18334653-C4E8-4755-82AF-98CC4E91CFEC}.Debug|Any CPU.ActiveCfg = Debug|Any CPU
		{18334653-C4E8-4755-82AF-98CC4E91CFEC}.Debug|Any CPU.Build.0 = Debug|Any CPU
		{18334653-C4E8-4755-82AF-98CC4E91CFEC}.Release - Tanagra|Any CPU.ActiveCfg = Release|Any CPU
		{18334653-C4E8-4755-82AF-98CC4E91CFEC}.Release - Tanagra|Any CPU.Build.0 = Release|Any CPU
		{18334653-C4E8-4755-82AF-98CC4E91CFEC}.Release - VulkanSharp|Any CPU.ActiveCfg = Release|Any CPU
		{18334653-C4E8-4755-82AF-98CC4E91CFEC}.Release - VulkanSharp|Any CPU.Build.0 = Release|Any CPU
		{18334653-C4E8-4755-82AF-98CC4E91CFEC}.Release|Any CPU.ActiveCfg = Release|Any CPU
		{18334653-C4E8-4755-82AF-98CC4E91CFEC}.Release|Any CPU.Build.0 = Release|Any CPU
	EndGlobalSection
	GlobalSection(SolutionProperties) = preSolution
		HideSolutionNode = FALSE
	EndGlobalSection
EndGlobal
